
Microsoft Visual Studio Solution File, Format Version 12.00
# Visual Studio Version 17
VisualStudioVersion = 17.10.35004.147
MinimumVisualStudioVersion = 10.0.40219.1
Project("{FAE04EC0-301F-11D3-BF4B-00C04F79EFBC}") = "TiendaJK", "TiendaJK\TiendaJK.csproj", "{EACE742C-A31C-4282-A897-473CEF8505B0}"
EndProject
Global
	GlobalSection(SolutionConfigurationPlatforms) = preSolution
		Debug|Any CPU = Debug|Any CPU
		Release|Any CPU = Release|Any CPU
	EndGlobalSection
	GlobalSection(ProjectConfigurationPlatforms) = postSolution
		{EACE742C-A31C-4282-A897-473CEF8505B0}.Debug|Any CPU.ActiveCfg = Debug|Any CPU
		{EACE742C-A31C-4282-A897-473CEF8505B0}.Debug|Any CPU.Build.0 = Debug|Any CPU
		{EACE742C-A31C-4282-A897-473CEF8505B0}.Release|Any CPU.ActiveCfg = Release|Any CPU
		{EACE742C-A31C-4282-A897-473CEF8505B0}.Release|Any CPU.Build.0 = Release|Any CPU
	EndGlobalSection
	GlobalSection(SolutionProperties) = preSolution
		HideSolutionNode = FALSE
	EndGlobalSection
	GlobalSection(ExtensibilityGlobals) = postSolution
		SolutionGuid = {09A9A439-7FD4-405C-B8A8-13D0C7A55548}
	EndGlobalSection
EndGlobal
